// !$*UTF8*$!
{
	archiveVersion = 1;
	classes = {
	};
	objectVersion = 46;
	objects = {

/* Begin PBXBuildFile section */
		813747A51D64E44D0022CF92 /* AppDelegate.swift in Sources */ = {isa = PBXBuildFile; fileRef = 813747A41D64E44D0022CF92 /* AppDelegate.swift */; };
		813747AA1D64E44D0022CF92 /* HopsterDemo.xcdatamodeld in Sources */ = {isa = PBXBuildFile; fileRef = 813747A81D64E44D0022CF92 /* HopsterDemo.xcdatamodeld */; };
		813747AD1D64E44D0022CF92 /* Main.storyboard in Resources */ = {isa = PBXBuildFile; fileRef = 813747AB1D64E44D0022CF92 /* Main.storyboard */; };
		813747AF1D64E44D0022CF92 /* Assets.xcassets in Resources */ = {isa = PBXBuildFile; fileRef = 813747AE1D64E44D0022CF92 /* Assets.xcassets */; };
		813747BA1D64E44D0022CF92 /* HopsterDemoTests.swift in Sources */ = {isa = PBXBuildFile; fileRef = 813747B91D64E44D0022CF92 /* HopsterDemoTests.swift */; };
		813747C51D64E44D0022CF92 /* HopsterDemoUITests.swift in Sources */ = {isa = PBXBuildFile; fileRef = 813747C41D64E44D0022CF92 /* HopsterDemoUITests.swift */; };
		813748081D661B0F0022CF92 /* MenuController.swift in Sources */ = {isa = PBXBuildFile; fileRef = 813748071D661B0F0022CF92 /* MenuController.swift */; };
		8137480A1D661B230022CF92 /* MenuView.swift in Sources */ = {isa = PBXBuildFile; fileRef = 813748091D661B230022CF92 /* MenuView.swift */; };
		8137480C1D661C230022CF92 /* MenuModel.swift in Sources */ = {isa = PBXBuildFile; fileRef = 8137480B1D661C230022CF92 /* MenuModel.swift */; };
		8137480F1D6625050022CF92 /* GameView.swift in Sources */ = {isa = PBXBuildFile; fileRef = 8137480E1D6625050022CF92 /* GameView.swift */; };
		813748111D66251B0022CF92 /* GameController.swift in Sources */ = {isa = PBXBuildFile; fileRef = 813748101D66251B0022CF92 /* GameController.swift */; };
		813748151D66256C0022CF92 /* GameScene.swift in Sources */ = {isa = PBXBuildFile; fileRef = 813748141D66256C0022CF92 /* GameScene.swift */; };
		813748171D6625AF0022CF92 /* GameModel.swift in Sources */ = {isa = PBXBuildFile; fileRef = 813748161D6625AF0022CF92 /* GameModel.swift */; };
		813748191D662B280022CF92 /* PhysicsEngine.swift in Sources */ = {isa = PBXBuildFile; fileRef = 813748181D662B280022CF92 /* PhysicsEngine.swift */; };
		8137481B1D662B3D0022CF92 /* AIEngine.swift in Sources */ = {isa = PBXBuildFile; fileRef = 8137481A1D662B3D0022CF92 /* AIEngine.swift */; };
		8137481D1D662BC80022CF92 /* GameObjectsManager.swift in Sources */ = {isa = PBXBuildFile; fileRef = 8137481C1D662BC80022CF92 /* GameObjectsManager.swift */; };
		813748201D662C250022CF92 /* GameObject.swift in Sources */ = {isa = PBXBuildFile; fileRef = 8137481F1D662C250022CF92 /* GameObject.swift */; };
		813748681D675DA50022CF92 /* PhysicsObject.swift in Sources */ = {isa = PBXBuildFile; fileRef = 813748671D675DA50022CF92 /* PhysicsObject.swift */; };
		8137486A1D675EA20022CF92 /* AIObject.swift in Sources */ = {isa = PBXBuildFile; fileRef = 813748691D675EA20022CF92 /* AIObject.swift */; };
		813748731D6775310022CF92 /* Brick.swift in Sources */ = {isa = PBXBuildFile; fileRef = 813748721D6775310022CF92 /* Brick.swift */; };
		813748751D6776070022CF92 /* BallPO.swift in Sources */ = {isa = PBXBuildFile; fileRef = 813748741D6776070022CF92 /* BallPO.swift */; };
		813748771D6776220022CF92 /* Ball.swift in Sources */ = {isa = PBXBuildFile; fileRef = 813748761D6776220022CF92 /* Ball.swift */; };
		813748791D6776520022CF92 /* BallAI.swift in Sources */ = {isa = PBXBuildFile; fileRef = 813748781D6776520022CF92 /* BallAI.swift */; };
		8137487B1D6776760022CF92 /* ArcPlayerAI.swift in Sources */ = {isa = PBXBuildFile; fileRef = 8137487A1D6776760022CF92 /* ArcPlayerAI.swift */; };
		8137487D1D6776910022CF92 /* ArcPlayerPO.swift in Sources */ = {isa = PBXBuildFile; fileRef = 8137487C1D6776910022CF92 /* ArcPlayerPO.swift */; };
		8137487F1D6776E40022CF92 /* ArcPlayer.swift in Sources */ = {isa = PBXBuildFile; fileRef = 8137487E1D6776E40022CF92 /* ArcPlayer.swift */; };
		813748811D6785490022CF92 /* ArcRenderer.swift in Sources */ = {isa = PBXBuildFile; fileRef = 813748801D6785490022CF92 /* ArcRenderer.swift */; };
		813748831D6787C40022CF92 /* ArcanoidScene.swift in Sources */ = {isa = PBXBuildFile; fileRef = 813748821D6787C40022CF92 /* ArcanoidScene.swift */; };
		813748851D6787DF0022CF92 /* ArcanoidPE.swift in Sources */ = {isa = PBXBuildFile; fileRef = 813748841D6787DF0022CF92 /* ArcanoidPE.swift */; };
		813748871D67880A0022CF92 /* ArcanoidAE.swift in Sources */ = {isa = PBXBuildFile; fileRef = 813748861D67880A0022CF92 /* ArcanoidAE.swift */; };
		813748891D6788730022CF92 /* ArcanoidOM.swift in Sources */ = {isa = PBXBuildFile; fileRef = 813748881D6788730022CF92 /* ArcanoidOM.swift */; };
		8137488B1D6868AD0022CF92 /* ArcanoidAssets.xcassets in Resources */ = {isa = PBXBuildFile; fileRef = 8137488A1D6868AD0022CF92 /* ArcanoidAssets.xcassets */; };
		8137488D1D688E910022CF92 /* AVFoundation.framework in Frameworks */ = {isa = PBXBuildFile; fileRef = 8137488C1D688E910022CF92 /* AVFoundation.framework */; };
		81BFEA731D699247009F90E4 /* VideoController.swift in Sources */ = {isa = PBXBuildFile; fileRef = 81BFEA721D699247009F90E4 /* VideoController.swift */; };
		81BFEA751D69925F009F90E4 /* VideoView.swift in Sources */ = {isa = PBXBuildFile; fileRef = 81BFEA741D69925F009F90E4 /* VideoView.swift */; };
		81BFEA791D69C07C009F90E4 /* resources.plist in Resources */ = {isa = PBXBuildFile; fileRef = 81BFEA781D69C07C009F90E4 /* resources.plist */; };
		81BFEA7B1D69C2E7009F90E4 /* GamePerson.swift in Sources */ = {isa = PBXBuildFile; fileRef = 81BFEA7A1D69C2E7009F90E4 /* GamePerson.swift */; };
		81BFEA7D1D69E9F9009F90E4 /* MenuCell.swift in Sources */ = {isa = PBXBuildFile; fileRef = 81BFEA7C1D69E9F9009F90E4 /* MenuCell.swift */; };
		81BFEA7F1D69F3AC009F90E4 /* MenuLayout.swift in Sources */ = {isa = PBXBuildFile; fileRef = 81BFEA7E1D69F3AC009F90E4 /* MenuLayout.swift */; };
/* End PBXBuildFile section */

/* Begin PBXContainerItemProxy section */
		813747B61D64E44D0022CF92 /* PBXContainerItemProxy */ = {
			isa = PBXContainerItemProxy;
			containerPortal = 813747991D64E44D0022CF92 /* Project object */;
			proxyType = 1;
			remoteGlobalIDString = 813747A01D64E44D0022CF92;
			remoteInfo = HopsterDemo;
		};
		813747C11D64E44D0022CF92 /* PBXContainerItemProxy */ = {
			isa = PBXContainerItemProxy;
			containerPortal = 813747991D64E44D0022CF92 /* Project object */;
			proxyType = 1;
			remoteGlobalIDString = 813747A01D64E44D0022CF92;
			remoteInfo = HopsterDemo;
		};
/* End PBXContainerItemProxy section */

/* Begin PBXFileReference section */
		29771AF4E7DF5FEECAE8BCBC /* Pods-HopsterDemo.release.xcconfig */ = {isa = PBXFileReference; includeInIndex = 1; lastKnownFileType = text.xcconfig; name = "Pods-HopsterDemo.release.xcconfig"; path = "Pods/Target Support Files/Pods-HopsterDemo/Pods-HopsterDemo.release.xcconfig"; sourceTree = "<group>"; };
		813747A11D64E44D0022CF92 /* HopsterDemo.app */ = {isa = PBXFileReference; explicitFileType = wrapper.application; includeInIndex = 0; path = HopsterDemo.app; sourceTree = BUILT_PRODUCTS_DIR; };
		813747A41D64E44D0022CF92 /* AppDelegate.swift */ = {isa = PBXFileReference; lastKnownFileType = sourcecode.swift; path = AppDelegate.swift; sourceTree = "<group>"; };
		813747A91D64E44D0022CF92 /* HopsterDemo.xcdatamodel */ = {isa = PBXFileReference; lastKnownFileType = wrapper.xcdatamodel; path = HopsterDemo.xcdatamodel; sourceTree = "<group>"; };
		813747AC1D64E44D0022CF92 /* Base */ = {isa = PBXFileReference; lastKnownFileType = file.storyboard; name = Base; path = Base.lproj/Main.storyboard; sourceTree = "<group>"; };
		813747AE1D64E44D0022CF92 /* Assets.xcassets */ = {isa = PBXFileReference; lastKnownFileType = folder.assetcatalog; path = Assets.xcassets; sourceTree = "<group>"; };
		813747B01D64E44D0022CF92 /* Info.plist */ = {isa = PBXFileReference; lastKnownFileType = text.plist.xml; path = Info.plist; sourceTree = "<group>"; };
		813747B51D64E44D0022CF92 /* HopsterDemoTests.xctest */ = {isa = PBXFileReference; explicitFileType = wrapper.cfbundle; includeInIndex = 0; path = HopsterDemoTests.xctest; sourceTree = BUILT_PRODUCTS_DIR; };
		813747B91D64E44D0022CF92 /* HopsterDemoTests.swift */ = {isa = PBXFileReference; lastKnownFileType = sourcecode.swift; path = HopsterDemoTests.swift; sourceTree = "<group>"; };
		813747BB1D64E44D0022CF92 /* Info.plist */ = {isa = PBXFileReference; lastKnownFileType = text.plist.xml; path = Info.plist; sourceTree = "<group>"; };
		813747C01D64E44D0022CF92 /* HopsterDemoUITests.xctest */ = {isa = PBXFileReference; explicitFileType = wrapper.cfbundle; includeInIndex = 0; path = HopsterDemoUITests.xctest; sourceTree = BUILT_PRODUCTS_DIR; };
		813747C41D64E44D0022CF92 /* HopsterDemoUITests.swift */ = {isa = PBXFileReference; lastKnownFileType = sourcecode.swift; path = HopsterDemoUITests.swift; sourceTree = "<group>"; };
		813747C61D64E44D0022CF92 /* Info.plist */ = {isa = PBXFileReference; lastKnownFileType = text.plist.xml; path = Info.plist; sourceTree = "<group>"; };
		813748071D661B0F0022CF92 /* MenuController.swift */ = {isa = PBXFileReference; fileEncoding = 4; lastKnownFileType = sourcecode.swift; name = MenuController.swift; path = "Controllers/Menu page/MenuController.swift"; sourceTree = "<group>"; };
		813748091D661B230022CF92 /* MenuView.swift */ = {isa = PBXFileReference; fileEncoding = 4; lastKnownFileType = sourcecode.swift; name = MenuView.swift; path = "Controllers/Menu page/MenuView.swift"; sourceTree = "<group>"; };
		8137480B1D661C230022CF92 /* MenuModel.swift */ = {isa = PBXFileReference; fileEncoding = 4; lastKnownFileType = sourcecode.swift; name = MenuModel.swift; path = "Controllers/Menu page/MenuModel.swift"; sourceTree = "<group>"; };
		8137480E1D6625050022CF92 /* GameView.swift */ = {isa = PBXFileReference; fileEncoding = 4; lastKnownFileType = sourcecode.swift; name = GameView.swift; path = "Controllers/Game page/GameView.swift"; sourceTree = "<group>"; };
		813748101D66251B0022CF92 /* GameController.swift */ = {isa = PBXFileReference; fileEncoding = 4; lastKnownFileType = sourcecode.swift; name = GameController.swift; path = "Controllers/Game page/GameController.swift"; sourceTree = "<group>"; };
		813748141D66256C0022CF92 /* GameScene.swift */ = {isa = PBXFileReference; fileEncoding = 4; lastKnownFileType = sourcecode.swift; name = GameScene.swift; path = "Model/Game scene/GameScene.swift"; sourceTree = "<group>"; };
		813748161D6625AF0022CF92 /* GameModel.swift */ = {isa = PBXFileReference; fileEncoding = 4; lastKnownFileType = sourcecode.swift; name = GameModel.swift; path = "Controllers/Game page/GameModel.swift"; sourceTree = "<group>"; };
		813748181D662B280022CF92 /* PhysicsEngine.swift */ = {isa = PBXFileReference; fileEncoding = 4; lastKnownFileType = sourcecode.swift; name = PhysicsEngine.swift; path = "Model/Game scene/PhysicsEngine.swift"; sourceTree = "<group>"; };
		8137481A1D662B3D0022CF92 /* AIEngine.swift */ = {isa = PBXFileReference; fileEncoding = 4; lastKnownFileType = sourcecode.swift; name = AIEngine.swift; path = "Model/Game scene/AIEngine.swift"; sourceTree = "<group>"; };
		8137481C1D662BC80022CF92 /* GameObjectsManager.swift */ = {isa = PBXFileReference; fileEncoding = 4; lastKnownFileType = sourcecode.swift; name = GameObjectsManager.swift; path = "Model/Game scene/GameObjectsManager.swift"; sourceTree = "<group>"; };
		8137481F1D662C250022CF92 /* GameObject.swift */ = {isa = PBXFileReference; fileEncoding = 4; lastKnownFileType = sourcecode.swift; name = GameObject.swift; path = "Model/Game scene/GameObjects/GameObject.swift"; sourceTree = "<group>"; };
		813748671D675DA50022CF92 /* PhysicsObject.swift */ = {isa = PBXFileReference; fileEncoding = 4; lastKnownFileType = sourcecode.swift; name = PhysicsObject.swift; path = "Model/Game scene/GameObjects/PhysicsObject.swift"; sourceTree = "<group>"; };
		813748691D675EA20022CF92 /* AIObject.swift */ = {isa = PBXFileReference; fileEncoding = 4; lastKnownFileType = sourcecode.swift; name = AIObject.swift; path = "Model/Game scene/GameObjects/AIObject.swift"; sourceTree = "<group>"; };
		813748721D6775310022CF92 /* Brick.swift */ = {isa = PBXFileReference; fileEncoding = 4; lastKnownFileType = sourcecode.swift; name = Brick.swift; path = "Model/Arcanoid game/Objects/Brick/Brick.swift"; sourceTree = "<group>"; };
		813748741D6776070022CF92 /* BallPO.swift */ = {isa = PBXFileReference; fileEncoding = 4; lastKnownFileType = sourcecode.swift; name = BallPO.swift; path = "Model/Arcanoid game/Objects/Ball/BallPO.swift"; sourceTree = "<group>"; };
		813748761D6776220022CF92 /* Ball.swift */ = {isa = PBXFileReference; fileEncoding = 4; lastKnownFileType = sourcecode.swift; name = Ball.swift; path = "Model/Arcanoid game/Objects/Ball/Ball.swift"; sourceTree = "<group>"; };
		813748781D6776520022CF92 /* BallAI.swift */ = {isa = PBXFileReference; fileEncoding = 4; lastKnownFileType = sourcecode.swift; name = BallAI.swift; path = "Model/Arcanoid game/Objects/Ball/BallAI.swift"; sourceTree = "<group>"; };
		8137487A1D6776760022CF92 /* ArcPlayerAI.swift */ = {isa = PBXFileReference; fileEncoding = 4; lastKnownFileType = sourcecode.swift; name = ArcPlayerAI.swift; path = "Model/Arcanoid game/Objects/Player/ArcPlayerAI.swift"; sourceTree = "<group>"; };
		8137487C1D6776910022CF92 /* ArcPlayerPO.swift */ = {isa = PBXFileReference; fileEncoding = 4; lastKnownFileType = sourcecode.swift; name = ArcPlayerPO.swift; path = "Model/Arcanoid game/Objects/Player/ArcPlayerPO.swift"; sourceTree = "<group>"; };
		8137487E1D6776E40022CF92 /* ArcPlayer.swift */ = {isa = PBXFileReference; fileEncoding = 4; lastKnownFileType = sourcecode.swift; name = ArcPlayer.swift; path = "Model/Arcanoid game/Objects/Player/ArcPlayer.swift"; sourceTree = "<group>"; };
		813748801D6785490022CF92 /* ArcRenderer.swift */ = {isa = PBXFileReference; fileEncoding = 4; lastKnownFileType = sourcecode.swift; name = ArcRenderer.swift; path = "Model/Arcanoid game/Renderer/ArcRenderer.swift"; sourceTree = "<group>"; };
		813748821D6787C40022CF92 /* ArcanoidScene.swift */ = {isa = PBXFileReference; fileEncoding = 4; lastKnownFileType = sourcecode.swift; name = ArcanoidScene.swift; path = "Model/Arcanoid game/Arcanoid scene/ArcanoidScene.swift"; sourceTree = "<group>"; };
		813748841D6787DF0022CF92 /* ArcanoidPE.swift */ = {isa = PBXFileReference; fileEncoding = 4; lastKnownFileType = sourcecode.swift; name = ArcanoidPE.swift; path = "Model/Arcanoid game/Arcanoid scene/ArcanoidPE.swift"; sourceTree = "<group>"; };
		813748861D67880A0022CF92 /* ArcanoidAE.swift */ = {isa = PBXFileReference; fileEncoding = 4; lastKnownFileType = sourcecode.swift; name = ArcanoidAE.swift; path = "Model/Arcanoid game/Arcanoid scene/ArcanoidAE.swift"; sourceTree = "<group>"; };
		813748881D6788730022CF92 /* ArcanoidOM.swift */ = {isa = PBXFileReference; fileEncoding = 4; lastKnownFileType = sourcecode.swift; name = ArcanoidOM.swift; path = "Model/Arcanoid game/Arcanoid scene/ArcanoidOM.swift"; sourceTree = "<group>"; };
		8137488A1D6868AD0022CF92 /* ArcanoidAssets.xcassets */ = {isa = PBXFileReference; lastKnownFileType = folder.assetcatalog; name = ArcanoidAssets.xcassets; path = "Model/Arcanoid game/ArcanoidAssets.xcassets"; sourceTree = "<group>"; };
		8137488C1D688E910022CF92 /* AVFoundation.framework */ = {isa = PBXFileReference; lastKnownFileType = wrapper.framework; name = AVFoundation.framework; path = System/Library/Frameworks/AVFoundation.framework; sourceTree = SDKROOT; };
		81BFEA721D699247009F90E4 /* VideoController.swift */ = {isa = PBXFileReference; fileEncoding = 4; lastKnownFileType = sourcecode.swift; name = VideoController.swift; path = "Controllers/Video page/VideoController.swift"; sourceTree = "<group>"; };
		81BFEA741D69925F009F90E4 /* VideoView.swift */ = {isa = PBXFileReference; fileEncoding = 4; lastKnownFileType = sourcecode.swift; name = VideoView.swift; path = "Controllers/Video page/VideoView.swift"; sourceTree = "<group>"; };
		81BFEA781D69C07C009F90E4 /* resources.plist */ = {isa = PBXFileReference; fileEncoding = 4; lastKnownFileType = text.plist.xml; name = resources.plist; path = "Controllers/Menu page/resources.plist"; sourceTree = "<group>"; };
		81BFEA7A1D69C2E7009F90E4 /* GamePerson.swift */ = {isa = PBXFileReference; fileEncoding = 4; lastKnownFileType = sourcecode.swift; name = GamePerson.swift; path = "Controllers/Menu page/GamePerson.swift"; sourceTree = "<group>"; };
		81BFEA7C1D69E9F9009F90E4 /* MenuCell.swift */ = {isa = PBXFileReference; fileEncoding = 4; lastKnownFileType = sourcecode.swift; name = MenuCell.swift; path = "Controllers/Menu page/MenuCell.swift"; sourceTree = "<group>"; };
		81BFEA7E1D69F3AC009F90E4 /* MenuLayout.swift */ = {isa = PBXFileReference; fileEncoding = 4; lastKnownFileType = sourcecode.swift; name = MenuLayout.swift; path = "Controllers/Menu page/MenuLayout.swift"; sourceTree = "<group>"; };
		9F9EF8050FCA1DDB32EE8FE1 /* Pods-HopsterDemo.debug.xcconfig */ = {isa = PBXFileReference; includeInIndex = 1; lastKnownFileType = text.xcconfig; name = "Pods-HopsterDemo.debug.xcconfig"; path = "Pods/Target Support Files/Pods-HopsterDemo/Pods-HopsterDemo.debug.xcconfig"; sourceTree = "<group>"; };
		E027B00B59517C5C0C67525F /* Pods_HopsterDemo.framework */ = {isa = PBXFileReference; explicitFileType = wrapper.framework; includeInIndex = 0; path = Pods_HopsterDemo.framework; sourceTree = BUILT_PRODUCTS_DIR; };
/* End PBXFileReference section */

/* Begin PBXFrameworksBuildPhase section */
		8137479E1D64E44D0022CF92 /* Frameworks */ = {
			isa = PBXFrameworksBuildPhase;
			buildActionMask = 2147483647;
			files = (
				8137488D1D688E910022CF92 /* AVFoundation.framework in Frameworks */,
			);
			runOnlyForDeploymentPostprocessing = 0;
		};
		813747B21D64E44D0022CF92 /* Frameworks */ = {
			isa = PBXFrameworksBuildPhase;
			buildActionMask = 2147483647;
			files = (
			);
			runOnlyForDeploymentPostprocessing = 0;
		};
		813747BD1D64E44D0022CF92 /* Frameworks */ = {
			isa = PBXFrameworksBuildPhase;
			buildActionMask = 2147483647;
			files = (
			);
			runOnlyForDeploymentPostprocessing = 0;
		};
/* End PBXFrameworksBuildPhase section */

/* Begin PBXGroup section */
		4009A89810D1F2B61FB4F040 /* Frameworks */ = {
			isa = PBXGroup;
			children = (
				8137488C1D688E910022CF92 /* AVFoundation.framework */,
				E027B00B59517C5C0C67525F /* Pods_HopsterDemo.framework */,
			);
			name = Frameworks;
			sourceTree = "<group>";
		};
		813747981D64E44D0022CF92 = {
			isa = PBXGroup;
			children = (
				813747A31D64E44D0022CF92 /* HopsterDemo */,
				813747B81D64E44D0022CF92 /* HopsterDemoTests */,
				813747C31D64E44D0022CF92 /* HopsterDemoUITests */,
				813747A21D64E44D0022CF92 /* Products */,
				8F6489A6B48B0DD48F4843C2 /* Pods */,
				4009A89810D1F2B61FB4F040 /* Frameworks */,
			);
			sourceTree = "<group>";
		};
		813747A21D64E44D0022CF92 /* Products */ = {
			isa = PBXGroup;
			children = (
				813747A11D64E44D0022CF92 /* HopsterDemo.app */,
				813747B51D64E44D0022CF92 /* HopsterDemoTests.xctest */,
				813747C01D64E44D0022CF92 /* HopsterDemoUITests.xctest */,
			);
			name = Products;
			sourceTree = "<group>";
		};
		813747A31D64E44D0022CF92 /* HopsterDemo */ = {
			isa = PBXGroup;
			children = (
				81BFEA5C1D6895AE009F90E4 /* Utility */,
				813748121D66252D0022CF92 /* Model */,
				813748051D661A750022CF92 /* Controllers */,
				813747A41D64E44D0022CF92 /* AppDelegate.swift */,
				813747AB1D64E44D0022CF92 /* Main.storyboard */,
				813747AE1D64E44D0022CF92 /* Assets.xcassets */,
				813747B01D64E44D0022CF92 /* Info.plist */,
				813747A81D64E44D0022CF92 /* HopsterDemo.xcdatamodeld */,
			);
			path = HopsterDemo;
			sourceTree = "<group>";
		};
		813747B81D64E44D0022CF92 /* HopsterDemoTests */ = {
			isa = PBXGroup;
			children = (
				813747B91D64E44D0022CF92 /* HopsterDemoTests.swift */,
				813747BB1D64E44D0022CF92 /* Info.plist */,
			);
			path = HopsterDemoTests;
			sourceTree = "<group>";
		};
		813747C31D64E44D0022CF92 /* HopsterDemoUITests */ = {
			isa = PBXGroup;
			children = (
				813747C41D64E44D0022CF92 /* HopsterDemoUITests.swift */,
				813747C61D64E44D0022CF92 /* Info.plist */,
			);
			path = HopsterDemoUITests;
			sourceTree = "<group>";
		};
		813748051D661A750022CF92 /* Controllers */ = {
			isa = PBXGroup;
			children = (
				81BFEA711D699224009F90E4 /* Video page */,
				8137480D1D6624E90022CF92 /* Game page */,
				813748061D661ABD0022CF92 /* Menu page */,
			);
			name = Controllers;
			sourceTree = "<group>";
		};
		813748061D661ABD0022CF92 /* Menu page */ = {
			isa = PBXGroup;
			children = (
				813748071D661B0F0022CF92 /* MenuController.swift */,
				813748091D661B230022CF92 /* MenuView.swift */,
				8137480B1D661C230022CF92 /* MenuModel.swift */,
				81BFEA781D69C07C009F90E4 /* resources.plist */,
				81BFEA7A1D69C2E7009F90E4 /* GamePerson.swift */,
				81BFEA7C1D69E9F9009F90E4 /* MenuCell.swift */,
				81BFEA7E1D69F3AC009F90E4 /* MenuLayout.swift */,
			);
			name = "Menu page";
			sourceTree = "<group>";
		};
		8137480D1D6624E90022CF92 /* Game page */ = {
			isa = PBXGroup;
			children = (
				8137480E1D6625050022CF92 /* GameView.swift */,
				813748101D66251B0022CF92 /* GameController.swift */,
				813748161D6625AF0022CF92 /* GameModel.swift */,
			);
			name = "Game page";
			sourceTree = "<group>";
		};
		813748121D66252D0022CF92 /* Model */ = {
			isa = PBXGroup;
			children = (
				813748131D66253C0022CF92 /* Game scene */,
				8137486B1D6772D90022CF92 /* Arcanoid game */,
			);
			name = Model;
			sourceTree = "<group>";
		};
		813748131D66253C0022CF92 /* Game scene */ = {
			isa = PBXGroup;
			children = (
				8137481E1D662BFC0022CF92 /* Game objects */,
				813748141D66256C0022CF92 /* GameScene.swift */,
				813748181D662B280022CF92 /* PhysicsEngine.swift */,
				8137481A1D662B3D0022CF92 /* AIEngine.swift */,
				8137481C1D662BC80022CF92 /* GameObjectsManager.swift */,
			);
			name = "Game scene";
			sourceTree = "<group>";
		};
		8137481E1D662BFC0022CF92 /* Game objects */ = {
			isa = PBXGroup;
			children = (
				8137481F1D662C250022CF92 /* GameObject.swift */,
				813748671D675DA50022CF92 /* PhysicsObject.swift */,
				813748691D675EA20022CF92 /* AIObject.swift */,
			);
			name = "Game objects";
			sourceTree = "<group>";
		};
		8137486B1D6772D90022CF92 /* Arcanoid game */ = {
			isa = PBXGroup;
			children = (
				813748711D67741D0022CF92 /* Renderer */,
				8137486D1D6773100022CF92 /* Arcanoid scene */,
				8137486C1D6772F30022CF92 /* Objects */,
			);
			name = "Arcanoid game";
			sourceTree = "<group>";
		};
		8137486C1D6772F30022CF92 /* Objects */ = {
			isa = PBXGroup;
			children = (
				813748701D67734A0022CF92 /* Brick */,
				8137486F1D6773430022CF92 /* Ball */,
				8137486E1D6773380022CF92 /* Player */,
			);
			name = Objects;
			sourceTree = "<group>";
		};
		8137486D1D6773100022CF92 /* Arcanoid scene */ = {
			isa = PBXGroup;
			children = (
				813748821D6787C40022CF92 /* ArcanoidScene.swift */,
				813748841D6787DF0022CF92 /* ArcanoidPE.swift */,
				813748861D67880A0022CF92 /* ArcanoidAE.swift */,
				813748881D6788730022CF92 /* ArcanoidOM.swift */,
				8137488A1D6868AD0022CF92 /* ArcanoidAssets.xcassets */,
			);
			name = "Arcanoid scene";
			sourceTree = "<group>";
		};
		8137486E1D6773380022CF92 /* Player */ = {
			isa = PBXGroup;
			children = (
				8137487E1D6776E40022CF92 /* ArcPlayer.swift */,
				8137487C1D6776910022CF92 /* ArcPlayerPO.swift */,
				8137487A1D6776760022CF92 /* ArcPlayerAI.swift */,
			);
			name = Player;
			sourceTree = "<group>";
		};
		8137486F1D6773430022CF92 /* Ball */ = {
			isa = PBXGroup;
			children = (
				813748761D6776220022CF92 /* Ball.swift */,
				813748741D6776070022CF92 /* BallPO.swift */,
				813748781D6776520022CF92 /* BallAI.swift */,
			);
			name = Ball;
			sourceTree = "<group>";
		};
		813748701D67734A0022CF92 /* Brick */ = {
			isa = PBXGroup;
			children = (
				813748721D6775310022CF92 /* Brick.swift */,
			);
			name = Brick;
			sourceTree = "<group>";
		};
		813748711D67741D0022CF92 /* Renderer */ = {
			isa = PBXGroup;
			children = (
				813748801D6785490022CF92 /* ArcRenderer.swift */,
			);
			name = Renderer;
			sourceTree = "<group>";
		};
		81BFEA5C1D6895AE009F90E4 /* Utility */ = {
			isa = PBXGroup;
			children = (
			);
			name = Utility;
			sourceTree = "<group>";
		};
		81BFEA711D699224009F90E4 /* Video page */ = {
			isa = PBXGroup;
			children = (
				81BFEA721D699247009F90E4 /* VideoController.swift */,
				81BFEA741D69925F009F90E4 /* VideoView.swift */,
			);
			name = "Video page";
			sourceTree = "<group>";
		};
		8F6489A6B48B0DD48F4843C2 /* Pods */ = {
			isa = PBXGroup;
			children = (
				9F9EF8050FCA1DDB32EE8FE1 /* Pods-HopsterDemo.debug.xcconfig */,
				29771AF4E7DF5FEECAE8BCBC /* Pods-HopsterDemo.release.xcconfig */,
			);
			name = Pods;
			sourceTree = "<group>";
		};
/* End PBXGroup section */

/* Begin PBXNativeTarget section */
		813747A01D64E44D0022CF92 /* HopsterDemo */ = {
			isa = PBXNativeTarget;
			buildConfigurationList = 813747C91D64E44D0022CF92 /* Build configuration list for PBXNativeTarget "HopsterDemo" */;
			buildPhases = (
				BE3118B91A0A7F5B2F5C3E8A /* Check Pods Manifest.lock */,
				8137479D1D64E44D0022CF92 /* Sources */,
				8137479E1D64E44D0022CF92 /* Frameworks */,
				8137479F1D64E44D0022CF92 /* Resources */,
				C47393AF4E513987283B87D8 /* Embed Pods Frameworks */,
				2D6EDB647B40DB5741DA50AA /* Copy Pods Resources */,
			);
			buildRules = (
			);
			dependencies = (
			);
			name = HopsterDemo;
			productName = HopsterDemo;
			productReference = 813747A11D64E44D0022CF92 /* HopsterDemo.app */;
			productType = "com.apple.product-type.application";
		};
		813747B41D64E44D0022CF92 /* HopsterDemoTests */ = {
			isa = PBXNativeTarget;
			buildConfigurationList = 813747CC1D64E44D0022CF92 /* Build configuration list for PBXNativeTarget "HopsterDemoTests" */;
			buildPhases = (
				813747B11D64E44D0022CF92 /* Sources */,
				813747B21D64E44D0022CF92 /* Frameworks */,
				813747B31D64E44D0022CF92 /* Resources */,
			);
			buildRules = (
			);
			dependencies = (
				813747B71D64E44D0022CF92 /* PBXTargetDependency */,
			);
			name = HopsterDemoTests;
			productName = HopsterDemoTests;
			productReference = 813747B51D64E44D0022CF92 /* HopsterDemoTests.xctest */;
			productType = "com.apple.product-type.bundle.unit-test";
		};
		813747BF1D64E44D0022CF92 /* HopsterDemoUITests */ = {
			isa = PBXNativeTarget;
			buildConfigurationList = 813747CF1D64E44D0022CF92 /* Build configuration list for PBXNativeTarget "HopsterDemoUITests" */;
			buildPhases = (
				813747BC1D64E44D0022CF92 /* Sources */,
				813747BD1D64E44D0022CF92 /* Frameworks */,
				813747BE1D64E44D0022CF92 /* Resources */,
			);
			buildRules = (
			);
			dependencies = (
				813747C21D64E44D0022CF92 /* PBXTargetDependency */,
			);
			name = HopsterDemoUITests;
			productName = HopsterDemoUITests;
			productReference = 813747C01D64E44D0022CF92 /* HopsterDemoUITests.xctest */;
			productType = "com.apple.product-type.bundle.ui-testing";
		};
/* End PBXNativeTarget section */

/* Begin PBXProject section */
		813747991D64E44D0022CF92 /* Project object */ = {
			isa = PBXProject;
			attributes = {
				LastSwiftUpdateCheck = 0730;
				LastUpgradeCheck = 0730;
				ORGANIZATIONNAME = HP;
				TargetAttributes = {
					813747A01D64E44D0022CF92 = {
						CreatedOnToolsVersion = 7.3.1;
					};
					813747B41D64E44D0022CF92 = {
						CreatedOnToolsVersion = 7.3.1;
						TestTargetID = 813747A01D64E44D0022CF92;
					};
					813747BF1D64E44D0022CF92 = {
						CreatedOnToolsVersion = 7.3.1;
						TestTargetID = 813747A01D64E44D0022CF92;
					};
				};
			};
			buildConfigurationList = 8137479C1D64E44D0022CF92 /* Build configuration list for PBXProject "HopsterDemo" */;
			compatibilityVersion = "Xcode 3.2";
			developmentRegion = English;
			hasScannedForEncodings = 0;
			knownRegions = (
				en,
				Base,
			);
			mainGroup = 813747981D64E44D0022CF92;
			productRefGroup = 813747A21D64E44D0022CF92 /* Products */;
			projectDirPath = "";
			projectRoot = "";
			targets = (
				813747A01D64E44D0022CF92 /* HopsterDemo */,
				813747B41D64E44D0022CF92 /* HopsterDemoTests */,
				813747BF1D64E44D0022CF92 /* HopsterDemoUITests */,
			);
		};
/* End PBXProject section */

/* Begin PBXResourcesBuildPhase section */
		8137479F1D64E44D0022CF92 /* Resources */ = {
			isa = PBXResourcesBuildPhase;
			buildActionMask = 2147483647;
			files = (
				81BFEA791D69C07C009F90E4 /* resources.plist in Resources */,
				813747AF1D64E44D0022CF92 /* Assets.xcassets in Resources */,
				8137488B1D6868AD0022CF92 /* ArcanoidAssets.xcassets in Resources */,
				813747AD1D64E44D0022CF92 /* Main.storyboard in Resources */,
			);
			runOnlyForDeploymentPostprocessing = 0;
		};
		813747B31D64E44D0022CF92 /* Resources */ = {
			isa = PBXResourcesBuildPhase;
			buildActionMask = 2147483647;
			files = (
			);
			runOnlyForDeploymentPostprocessing = 0;
		};
		813747BE1D64E44D0022CF92 /* Resources */ = {
			isa = PBXResourcesBuildPhase;
			buildActionMask = 2147483647;
			files = (
			);
			runOnlyForDeploymentPostprocessing = 0;
		};
/* End PBXResourcesBuildPhase section */

/* Begin PBXShellScriptBuildPhase section */
		2D6EDB647B40DB5741DA50AA /* Copy Pods Resources */ = {
			isa = PBXShellScriptBuildPhase;
			buildActionMask = 2147483647;
			files = (
			);
			inputPaths = (
			);
			name = "Copy Pods Resources";
			outputPaths = (
			);
			runOnlyForDeploymentPostprocessing = 0;
			shellPath = /bin/sh;
			shellScript = "
";
			showEnvVarsInLog = 0;
		};
		BE3118B91A0A7F5B2F5C3E8A /* Check Pods Manifest.lock */ = {
			isa = PBXShellScriptBuildPhase;
			buildActionMask = 2147483647;
			files = (
			);
			inputPaths = (
			);
			name = "Check Pods Manifest.lock";
			outputPaths = (
			);
			runOnlyForDeploymentPostprocessing = 0;
			shellPath = /bin/sh;
			shellScript = "
";
			showEnvVarsInLog = 0;
		};
		C47393AF4E513987283B87D8 /* Embed Pods Frameworks */ = {
			isa = PBXShellScriptBuildPhase;
			buildActionMask = 2147483647;
			files = (
			);
			inputPaths = (
			);
			name = "Embed Pods Frameworks";
			outputPaths = (
			);
			runOnlyForDeploymentPostprocessing = 0;
			shellPath = /bin/sh;
			shellScript = "
";
			showEnvVarsInLog = 0;
		};
/* End PBXShellScriptBuildPhase section */

/* Begin PBXSourcesBuildPhase section */
		8137479D1D64E44D0022CF92 /* Sources */ = {
			isa = PBXSourcesBuildPhase;
			buildActionMask = 2147483647;
			files = (
				813747A51D64E44D0022CF92 /* AppDelegate.swift in Sources */,
				813748731D6775310022CF92 /* Brick.swift in Sources */,
				81BFEA7D1D69E9F9009F90E4 /* MenuCell.swift in Sources */,
				81BFEA751D69925F009F90E4 /* VideoView.swift in Sources */,
				8137481B1D662B3D0022CF92 /* AIEngine.swift in Sources */,
				8137481D1D662BC80022CF92 /* GameObjectsManager.swift in Sources */,
				813748871D67880A0022CF92 /* ArcanoidAE.swift in Sources */,
				8137480A1D661B230022CF92 /* MenuView.swift in Sources */,
				813748831D6787C40022CF92 /* ArcanoidScene.swift in Sources */,
				81BFEA7B1D69C2E7009F90E4 /* GamePerson.swift in Sources */,
				813748201D662C250022CF92 /* GameObject.swift in Sources */,
				813748771D6776220022CF92 /* Ball.swift in Sources */,
				813748171D6625AF0022CF92 /* GameModel.swift in Sources */,
				813748151D66256C0022CF92 /* GameScene.swift in Sources */,
				813748811D6785490022CF92 /* ArcRenderer.swift in Sources */,
				8137480C1D661C230022CF92 /* MenuModel.swift in Sources */,
				813748081D661B0F0022CF92 /* MenuController.swift in Sources */,
				8137487F1D6776E40022CF92 /* ArcPlayer.swift in Sources */,
				813748851D6787DF0022CF92 /* ArcanoidPE.swift in Sources */,
				8137480F1D6625050022CF92 /* GameView.swift in Sources */,
				813748891D6788730022CF92 /* ArcanoidOM.swift in Sources */,
				8137487D1D6776910022CF92 /* ArcPlayerPO.swift in Sources */,
				813748681D675DA50022CF92 /* PhysicsObject.swift in Sources */,
				8137487B1D6776760022CF92 /* ArcPlayerAI.swift in Sources */,
				8137486A1D675EA20022CF92 /* AIObject.swift in Sources */,
				813748791D6776520022CF92 /* BallAI.swift in Sources */,
				813747AA1D64E44D0022CF92 /* HopsterDemo.xcdatamodeld in Sources */,
				813748751D6776070022CF92 /* BallPO.swift in Sources */,
				813748111D66251B0022CF92 /* GameController.swift in Sources */,
				813748191D662B280022CF92 /* PhysicsEngine.swift in Sources */,
				81BFEA7F1D69F3AC009F90E4 /* MenuLayout.swift in Sources */,
				81BFEA731D699247009F90E4 /* VideoController.swift in Sources */,
			);
			runOnlyForDeploymentPostprocessing = 0;
		};
		813747B11D64E44D0022CF92 /* Sources */ = {
			isa = PBXSourcesBuildPhase;
			buildActionMask = 2147483647;
			files = (
				813747BA1D64E44D0022CF92 /* HopsterDemoTests.swift in Sources */,
			);
			runOnlyForDeploymentPostprocessing = 0;
		};
		813747BC1D64E44D0022CF92 /* Sources */ = {
			isa = PBXSourcesBuildPhase;
			buildActionMask = 2147483647;
			files = (
				813747C51D64E44D0022CF92 /* HopsterDemoUITests.swift in Sources */,
			);
			runOnlyForDeploymentPostprocessing = 0;
		};
/* End PBXSourcesBuildPhase section */

/* Begin PBXTargetDependency section */
		813747B71D64E44D0022CF92 /* PBXTargetDependency */ = {
			isa = PBXTargetDependency;
			target = 813747A01D64E44D0022CF92 /* HopsterDemo */;
			targetProxy = 813747B61D64E44D0022CF92 /* PBXContainerItemProxy */;
		};
		813747C21D64E44D0022CF92 /* PBXTargetDependency */ = {
			isa = PBXTargetDependency;
			target = 813747A01D64E44D0022CF92 /* HopsterDemo */;
			targetProxy = 813747C11D64E44D0022CF92 /* PBXContainerItemProxy */;
		};
/* End PBXTargetDependency section */

/* Begin PBXVariantGroup section */
		813747AB1D64E44D0022CF92 /* Main.storyboard */ = {
			isa = PBXVariantGroup;
			children = (
				813747AC1D64E44D0022CF92 /* Base */,
			);
			name = Main.storyboard;
			sourceTree = "<group>";
		};
/* End PBXVariantGroup section */

/* Begin XCBuildConfiguration section */
		813747C71D64E44D0022CF92 /* Debug */ = {
			isa = XCBuildConfiguration;
			buildSettings = {
				ALWAYS_SEARCH_USER_PATHS = NO;
				CLANG_ANALYZER_NONNULL = YES;
				CLANG_CXX_LANGUAGE_STANDARD = "gnu++0x";
				CLANG_CXX_LIBRARY = "libc++";
				CLANG_ENABLE_MODULES = YES;
				CLANG_ENABLE_OBJC_ARC = YES;
				CLANG_WARN_BOOL_CONVERSION = YES;
				CLANG_WARN_CONSTANT_CONVERSION = YES;
				CLANG_WARN_DIRECT_OBJC_ISA_USAGE = YES_ERROR;
				CLANG_WARN_EMPTY_BODY = YES;
				CLANG_WARN_ENUM_CONVERSION = YES;
				CLANG_WARN_INT_CONVERSION = YES;
				CLANG_WARN_OBJC_ROOT_CLASS = YES_ERROR;
				CLANG_WARN_UNREACHABLE_CODE = YES;
				CLANG_WARN__DUPLICATE_METHOD_MATCH = YES;
				COPY_PHASE_STRIP = NO;
				DEBUG_INFORMATION_FORMAT = dwarf;
				ENABLE_STRICT_OBJC_MSGSEND = YES;
				ENABLE_TESTABILITY = YES;
				GCC_C_LANGUAGE_STANDARD = gnu99;
				GCC_DYNAMIC_NO_PIC = NO;
				GCC_NO_COMMON_BLOCKS = YES;
				GCC_OPTIMIZATION_LEVEL = 0;
				GCC_PREPROCESSOR_DEFINITIONS = (
					"DEBUG=1",
					"$(inherited)",
				);
				GCC_WARN_64_TO_32_BIT_CONVERSION = YES;
				GCC_WARN_ABOUT_RETURN_TYPE = YES_ERROR;
				GCC_WARN_UNDECLARED_SELECTOR = YES;
				GCC_WARN_UNINITIALIZED_AUTOS = YES_AGGRESSIVE;
				GCC_WARN_UNUSED_FUNCTION = YES;
				GCC_WARN_UNUSED_VARIABLE = YES;
				MTL_ENABLE_DEBUG_INFO = YES;
				ONLY_ACTIVE_ARCH = YES;
				SDKROOT = appletvos;
				SWIFT_OPTIMIZATION_LEVEL = "-Onone";
				TARGETED_DEVICE_FAMILY = 3;
				TVOS_DEPLOYMENT_TARGET = 9.2;
			};
			name = Debug;
		};
		813747C81D64E44D0022CF92 /* Release */ = {
			isa = XCBuildConfiguration;
			buildSettings = {
				ALWAYS_SEARCH_USER_PATHS = NO;
				CLANG_ANALYZER_NONNULL = YES;
				CLANG_CXX_LANGUAGE_STANDARD = "gnu++0x";
				CLANG_CXX_LIBRARY = "libc++";
				CLANG_ENABLE_MODULES = YES;
				CLANG_ENABLE_OBJC_ARC = YES;
				CLANG_WARN_BOOL_CONVERSION = YES;
				CLANG_WARN_CONSTANT_CONVERSION = YES;
				CLANG_WARN_DIRECT_OBJC_ISA_USAGE = YES_ERROR;
				CLANG_WARN_EMPTY_BODY = YES;
				CLANG_WARN_ENUM_CONVERSION = YES;
				CLANG_WARN_INT_CONVERSION = YES;
				CLANG_WARN_OBJC_ROOT_CLASS = YES_ERROR;
				CLANG_WARN_UNREACHABLE_CODE = YES;
				CLANG_WARN__DUPLICATE_METHOD_MATCH = YES;
				COPY_PHASE_STRIP = NO;
				DEBUG_INFORMATION_FORMAT = "dwarf-with-dsym";
				ENABLE_NS_ASSERTIONS = NO;
				ENABLE_STRICT_OBJC_MSGSEND = YES;
				GCC_C_LANGUAGE_STANDARD = gnu99;
				GCC_NO_COMMON_BLOCKS = YES;
				GCC_WARN_64_TO_32_BIT_CONVERSION = YES;
				GCC_WARN_ABOUT_RETURN_TYPE = YES_ERROR;
				GCC_WARN_UNDECLARED_SELECTOR = YES;
				GCC_WARN_UNINITIALIZED_AUTOS = YES_AGGRESSIVE;
				GCC_WARN_UNUSED_FUNCTION = YES;
				GCC_WARN_UNUSED_VARIABLE = YES;
				MTL_ENABLE_DEBUG_INFO = NO;
				SDKROOT = appletvos;
				TARGETED_DEVICE_FAMILY = 3;
				TVOS_DEPLOYMENT_TARGET = 9.2;
				VALIDATE_PRODUCT = YES;
			};
			name = Release;
		};
		813747CA1D64E44D0022CF92 /* Debug */ = {
			isa = XCBuildConfiguration;
			buildSettings = {
				ASSETCATALOG_COMPILER_APPICON_NAME = "App Icon & Top Shelf Image";
				ASSETCATALOG_COMPILER_LAUNCHIMAGE_NAME = LaunchImage;
				FRAMEWORK_SEARCH_PATHS = "$(inherited)";
				HEADER_SEARCH_PATHS = (
					"$(inherited)",
					"\"${PODS_ROOT}/Headers/Public\"",
				);
				INFOPLIST_FILE = HopsterDemo/Info.plist;
				LD_RUNPATH_SEARCH_PATHS = "$(inherited) @executable_path/Frameworks";
				OTHER_CFLAGS = (
					"$(inherited)",
					"-isystem",
					"\"${PODS_ROOT}/Headers/Public\"",
					"-isystem",
				);
				OTHER_LDFLAGS = "$(inherited)";
				PRODUCT_BUNDLE_IDENTIFIER = HP.HopsterDemo;
				PRODUCT_NAME = "$(TARGET_NAME)";
			};
			name = Debug;
		};
		813747CB1D64E44D0022CF92 /* Release */ = {
			isa = XCBuildConfiguration;
			buildSettings = {
				ASSETCATALOG_COMPILER_APPICON_NAME = "App Icon & Top Shelf Image";
				ASSETCATALOG_COMPILER_LAUNCHIMAGE_NAME = LaunchImage;
				FRAMEWORK_SEARCH_PATHS = "$(inherited)";
				HEADER_SEARCH_PATHS = (
					"$(inherited)",
					"\"${PODS_ROOT}/Headers/Public\"",
				);
				INFOPLIST_FILE = HopsterDemo/Info.plist;
				LD_RUNPATH_SEARCH_PATHS = "$(inherited) @executable_path/Frameworks";
				OTHER_CFLAGS = (
					"$(inherited)",
					"-isystem",
					"\"${PODS_ROOT}/Headers/Public\"",
					"-isystem",
				);
				OTHER_LDFLAGS = "$(inherited)";
				PRODUCT_BUNDLE_IDENTIFIER = HP.HopsterDemo;
				PRODUCT_NAME = "$(TARGET_NAME)";
			};
			name = Release;
		};
		813747CD1D64E44D0022CF92 /* Debug */ = {
			isa = XCBuildConfiguration;
			buildSettings = {
				BUNDLE_LOADER = "$(TEST_HOST)";
				INFOPLIST_FILE = HopsterDemoTests/Info.plist;
				LD_RUNPATH_SEARCH_PATHS = "$(inherited) @executable_path/Frameworks @loader_path/Frameworks";
				PRODUCT_BUNDLE_IDENTIFIER = HP.HopsterDemoTests;
				PRODUCT_NAME = "$(TARGET_NAME)";
				TEST_HOST = "$(BUILT_PRODUCTS_DIR)/HopsterDemo.app/HopsterDemo";
			};
			name = Debug;
		};
		813747CE1D64E44D0022CF92 /* Release */ = {
			isa = XCBuildConfiguration;
			buildSettings = {
				BUNDLE_LOADER = "$(TEST_HOST)";
				INFOPLIST_FILE = HopsterDemoTests/Info.plist;
				LD_RUNPATH_SEARCH_PATHS = "$(inherited) @executable_path/Frameworks @loader_path/Frameworks";
				PRODUCT_BUNDLE_IDENTIFIER = HP.HopsterDemoTests;
				PRODUCT_NAME = "$(TARGET_NAME)";
				TEST_HOST = "$(BUILT_PRODUCTS_DIR)/HopsterDemo.app/HopsterDemo";
			};
			name = Release;
		};
		813747D01D64E44D0022CF92 /* Debug */ = {
			isa = XCBuildConfiguration;
			buildSettings = {
				INFOPLIST_FILE = HopsterDemoUITests/Info.plist;
				LD_RUNPATH_SEARCH_PATHS = "$(inherited) @executable_path/Frameworks @loader_path/Frameworks";
				PRODUCT_BUNDLE_IDENTIFIER = HP.HopsterDemoUITests;
				PRODUCT_NAME = "$(TARGET_NAME)";
				TEST_TARGET_NAME = HopsterDemo;
			};
			name = Debug;
		};
		813747D11D64E44D0022CF92 /* Release */ = {
			isa = XCBuildConfiguration;
			buildSettings = {
				INFOPLIST_FILE = HopsterDemoUITests/Info.plist;
				LD_RUNPATH_SEARCH_PATHS = "$(inherited) @executable_path/Frameworks @loader_path/Frameworks";
				PRODUCT_BUNDLE_IDENTIFIER = HP.HopsterDemoUITests;
				PRODUCT_NAME = "$(TARGET_NAME)";
				TEST_TARGET_NAME = HopsterDemo;
			};
			name = Release;
		};
/* End XCBuildConfiguration section */

/* Begin XCConfigurationList section */
		8137479C1D64E44D0022CF92 /* Build configuration list for PBXProject "HopsterDemo" */ = {
			isa = XCConfigurationList;
			buildConfigurations = (
				813747C71D64E44D0022CF92 /* Debug */,
				813747C81D64E44D0022CF92 /* Release */,
			);
			defaultConfigurationIsVisible = 0;
			defaultConfigurationName = Release;
		};
		813747C91D64E44D0022CF92 /* Build configuration list for PBXNativeTarget "HopsterDemo" */ = {
			isa = XCConfigurationList;
			buildConfigurations = (
				813747CA1D64E44D0022CF92 /* Debug */,
				813747CB1D64E44D0022CF92 /* Release */,
			);
			defaultConfigurationIsVisible = 0;
			defaultConfigurationName = Release;
		};
		813747CC1D64E44D0022CF92 /* Build configuration list for PBXNativeTarget "HopsterDemoTests" */ = {
			isa = XCConfigurationList;
			buildConfigurations = (
				813747CD1D64E44D0022CF92 /* Debug */,
				813747CE1D64E44D0022CF92 /* Release */,
			);
			defaultConfigurationIsVisible = 0;
			defaultConfigurationName = Release;
		};
		813747CF1D64E44D0022CF92 /* Build configuration list for PBXNativeTarget "HopsterDemoUITests" */ = {
			isa = XCConfigurationList;
			buildConfigurations = (
				813747D01D64E44D0022CF92 /* Debug */,
				813747D11D64E44D0022CF92 /* Release */,
			);
			defaultConfigurationIsVisible = 0;
			defaultConfigurationName = Release;
		};
/* End XCConfigurationList section */

/* Begin XCVersionGroup section */
		813747A81D64E44D0022CF92 /* HopsterDemo.xcdatamodeld */ = {
			isa = XCVersionGroup;
			children = (
				813747A91D64E44D0022CF92 /* HopsterDemo.xcdatamodel */,
			);
			currentVersion = 813747A91D64E44D0022CF92 /* HopsterDemo.xcdatamodel */;
			path = HopsterDemo.xcdatamodeld;
			sourceTree = "<group>";
			versionGroupType = wrapper.xcdatamodel;
		};
/* End XCVersionGroup section */
	};
	rootObject = 813747991D64E44D0022CF92 /* Project object */;
}
