// !$*UTF8*$!
{
	archiveVersion = 1;
	classes = {
	};
	objectVersion = 46;
	objects = {

/* Begin PBXBuildFile section */
		813747A51D64E44D0022CF92 /* AppDelegate.swift in Sources */ = {isa = PBXBuildFile; fileRef = 813747A41D64E44D0022CF92 /* AppDelegate.swift */; };
		813747A71D64E44D0022CF92 /* ViewController.swift in Sources */ = {isa = PBXBuildFile; fileRef = 813747A61D64E44D0022CF92 /* ViewController.swift */; };
		813747AA1D64E44D0022CF92 /* HopsterDemo.xcdatamodeld in Sources */ = {isa = PBXBuildFile; fileRef = 813747A81D64E44D0022CF92 /* HopsterDemo.xcdatamodeld */; };
		813747AD1D64E44D0022CF92 /* Main.storyboard in Resources */ = {isa = PBXBuildFile; fileRef = 813747AB1D64E44D0022CF92 /* Main.storyboard */; };
		813747AF1D64E44D0022CF92 /* Assets.xcassets in Resources */ = {isa = PBXBuildFile; fileRef = 813747AE1D64E44D0022CF92 /* Assets.xcassets */; };
		813747BA1D64E44D0022CF92 /* HopsterDemoTests.swift in Sources */ = {isa = PBXBuildFile; fileRef = 813747B91D64E44D0022CF92 /* HopsterDemoTests.swift */; };
		813747C51D64E44D0022CF92 /* HopsterDemoUITests.swift in Sources */ = {isa = PBXBuildFile; fileRef = 813747C41D64E44D0022CF92 /* HopsterDemoUITests.swift */; };
/* End PBXBuildFile section */

/* Begin PBXContainerItemProxy section */
		813747B61D64E44D0022CF92 /* PBXContainerItemProxy */ = {
			isa = PBXContainerItemProxy;
			containerPortal = 813747991D64E44D0022CF92 /* Project object */;
			proxyType = 1;
			remoteGlobalIDString = 813747A01D64E44D0022CF92;
			remoteInfo = HopsterDemo;
		};
		813747C11D64E44D0022CF92 /* PBXContainerItemProxy */ = {
			isa = PBXContainerItemProxy;
			containerPortal = 813747991D64E44D0022CF92 /* Project object */;
			proxyType = 1;
			remoteGlobalIDString = 813747A01D64E44D0022CF92;
			remoteInfo = HopsterDemo;
		};
/* End PBXContainerItemProxy section */

/* Begin PBXFileReference section */
		813747A11D64E44D0022CF92 /* HopsterDemo.app */ = {isa = PBXFileReference; explicitFileType = wrapper.application; includeInIndex = 0; path = HopsterDemo.app; sourceTree = BUILT_PRODUCTS_DIR; };
		813747A41D64E44D0022CF92 /* AppDelegate.swift */ = {isa = PBXFileReference; lastKnownFileType = sourcecode.swift; path = AppDelegate.swift; sourceTree = "<group>"; };
		813747A61D64E44D0022CF92 /* ViewController.swift */ = {isa = PBXFileReference; lastKnownFileType = sourcecode.swift; path = ViewController.swift; sourceTree = "<group>"; };
		813747A91D64E44D0022CF92 /* HopsterDemo.xcdatamodel */ = {isa = PBXFileReference; lastKnownFileType = wrapper.xcdatamodel; path = HopsterDemo.xcdatamodel; sourceTree = "<group>"; };
		813747AC1D64E44D0022CF92 /* Base */ = {isa = PBXFileReference; lastKnownFileType = file.storyboard; name = Base; path = Base.lproj/Main.storyboard; sourceTree = "<group>"; };
		813747AE1D64E44D0022CF92 /* Assets.xcassets */ = {isa = PBXFileReference; lastKnownFileType = folder.assetcatalog; path = Assets.xcassets; sourceTree = "<group>"; };
		813747B01D64E44D0022CF92 /* Info.plist */ = {isa = PBXFileReference; lastKnownFileType = text.plist.xml; path = Info.plist; sourceTree = "<group>"; };
		813747B51D64E44D0022CF92 /* HopsterDemoTests.xctest */ = {isa = PBXFileReference; explicitFileType = wrapper.cfbundle; includeInIndex = 0; path = HopsterDemoTests.xctest; sourceTree = BUILT_PRODUCTS_DIR; };
		813747B91D64E44D0022CF92 /* HopsterDemoTests.swift */ = {isa = PBXFileReference; lastKnownFileType = sourcecode.swift; path = HopsterDemoTests.swift; sourceTree = "<group>"; };
		813747BB1D64E44D0022CF92 /* Info.plist */ = {isa = PBXFileReference; lastKnownFileType = text.plist.xml; path = Info.plist; sourceTree = "<group>"; };
		813747C01D64E44D0022CF92 /* HopsterDemoUITests.xctest */ = {isa = PBXFileReference; explicitFileType = wrapper.cfbundle; includeInIndex = 0; path = HopsterDemoUITests.xctest; sourceTree = BUILT_PRODUCTS_DIR; };
		813747C41D64E44D0022CF92 /* HopsterDemoUITests.swift */ = {isa = PBXFileReference; lastKnownFileType = sourcecode.swift; path = HopsterDemoUITests.swift; sourceTree = "<group>"; };
		813747C61D64E44D0022CF92 /* Info.plist */ = {isa = PBXFileReference; lastKnownFileType = text.plist.xml; path = Info.plist; sourceTree = "<group>"; };
/* End PBXFileReference section */

/* Begin PBXFrameworksBuildPhase section */
		8137479E1D64E44D0022CF92 /* Frameworks */ = {
			isa = PBXFrameworksBuildPhase;
			buildActionMask = 2147483647;
			files = (
			);
			runOnlyForDeploymentPostprocessing = 0;
		};
		813747B21D64E44D0022CF92 /* Frameworks */ = {
			isa = PBXFrameworksBuildPhase;
			buildActionMask = 2147483647;
			files = (
			);
			runOnlyForDeploymentPostprocessing = 0;
		};
		813747BD1D64E44D0022CF92 /* Frameworks */ = {
			isa = PBXFrameworksBuildPhase;
			buildActionMask = 2147483647;
			files = (
			);
			runOnlyForDeploymentPostprocessing = 0;
		};
/* End PBXFrameworksBuildPhase section */

/* Begin PBXGroup section */
		813747981D64E44D0022CF92 = {
			isa = PBXGroup;
			children = (
				813747A31D64E44D0022CF92 /* HopsterDemo */,
				813747B81D64E44D0022CF92 /* HopsterDemoTests */,
				813747C31D64E44D0022CF92 /* HopsterDemoUITests */,
				813747A21D64E44D0022CF92 /* Products */,
			);
			sourceTree = "<group>";
		};
		813747A21D64E44D0022CF92 /* Products */ = {
			isa = PBXGroup;
			children = (
				813747A11D64E44D0022CF92 /* HopsterDemo.app */,
				813747B51D64E44D0022CF92 /* HopsterDemoTests.xctest */,
				813747C01D64E44D0022CF92 /* HopsterDemoUITests.xctest */,
			);
			name = Products;
			sourceTree = "<group>";
		};
		813747A31D64E44D0022CF92 /* HopsterDemo */ = {
			isa = PBXGroup;
			children = (
				813747A41D64E44D0022CF92 /* AppDelegate.swift */,
				813747A61D64E44D0022CF92 /* ViewController.swift */,
				813747AB1D64E44D0022CF92 /* Main.storyboard */,
				813747AE1D64E44D0022CF92 /* Assets.xcassets */,
				813747B01D64E44D0022CF92 /* Info.plist */,
				813747A81D64E44D0022CF92 /* HopsterDemo.xcdatamodeld */,
			);
			path = HopsterDemo;
			sourceTree = "<group>";
		};
		813747B81D64E44D0022CF92 /* HopsterDemoTests */ = {
			isa = PBXGroup;
			children = (
				813747B91D64E44D0022CF92 /* HopsterDemoTests.swift */,
				813747BB1D64E44D0022CF92 /* Info.plist */,
			);
			path = HopsterDemoTests;
			sourceTree = "<group>";
		};
		813747C31D64E44D0022CF92 /* HopsterDemoUITests */ = {
			isa = PBXGroup;
			children = (
				813747C41D64E44D0022CF92 /* HopsterDemoUITests.swift */,
				813747C61D64E44D0022CF92 /* Info.plist */,
			);
			path = HopsterDemoUITests;
			sourceTree = "<group>";
		};
/* End PBXGroup section */

/* Begin PBXNativeTarget section */
		813747A01D64E44D0022CF92 /* HopsterDemo */ = {
			isa = PBXNativeTarget;
			buildConfigurationList = 813747C91D64E44D0022CF92 /* Build configuration list for PBXNativeTarget "HopsterDemo" */;
			buildPhases = (
				8137479D1D64E44D0022CF92 /* Sources */,
				8137479E1D64E44D0022CF92 /* Frameworks */,
				8137479F1D64E44D0022CF92 /* Resources */,
			);
			buildRules = (
			);
			dependencies = (
			);
			name = HopsterDemo;
			productName = HopsterDemo;
			productReference = 813747A11D64E44D0022CF92 /* HopsterDemo.app */;
			productType = "com.apple.product-type.application";
		};
		813747B41D64E44D0022CF92 /* HopsterDemoTests */ = {
			isa = PBXNativeTarget;
			buildConfigurationList = 813747CC1D64E44D0022CF92 /* Build configuration list for PBXNativeTarget "HopsterDemoTests" */;
			buildPhases = (
				813747B11D64E44D0022CF92 /* Sources */,
				813747B21D64E44D0022CF92 /* Frameworks */,
				813747B31D64E44D0022CF92 /* Resources */,
			);
			buildRules = (
			);
			dependencies = (
				813747B71D64E44D0022CF92 /* PBXTargetDependency */,
			);
			name = HopsterDemoTests;
			productName = HopsterDemoTests;
			productReference = 813747B51D64E44D0022CF92 /* HopsterDemoTests.xctest */;
			productType = "com.apple.product-type.bundle.unit-test";
		};
		813747BF1D64E44D0022CF92 /* HopsterDemoUITests */ = {
			isa = PBXNativeTarget;
			buildConfigurationList = 813747CF1D64E44D0022CF92 /* Build configuration list for PBXNativeTarget "HopsterDemoUITests" */;
			buildPhases = (
				813747BC1D64E44D0022CF92 /* Sources */,
				813747BD1D64E44D0022CF92 /* Frameworks */,
				813747BE1D64E44D0022CF92 /* Resources */,
			);
			buildRules = (
			);
			dependencies = (
				813747C21D64E44D0022CF92 /* PBXTargetDependency */,
			);
			name = HopsterDemoUITests;
			productName = HopsterDemoUITests;
			productReference = 813747C01D64E44D0022CF92 /* HopsterDemoUITests.xctest */;
			productType = "com.apple.product-type.bundle.ui-testing";
		};
/* End PBXNativeTarget section */

/* Begin PBXProject section */
		813747991D64E44D0022CF92 /* Project object */ = {
			isa = PBXProject;
			attributes = {
				LastSwiftUpdateCheck = 0730;
				LastUpgradeCheck = 0730;
				ORGANIZATIONNAME = HP;
				TargetAttributes = {
					813747A01D64E44D0022CF92 = {
						CreatedOnToolsVersion = 7.3.1;
					};
					813747B41D64E44D0022CF92 = {
						CreatedOnToolsVersion = 7.3.1;
						TestTargetID = 813747A01D64E44D0022CF92;
					};
					813747BF1D64E44D0022CF92 = {
						CreatedOnToolsVersion = 7.3.1;
						TestTargetID = 813747A01D64E44D0022CF92;
					};
				};
			};
			buildConfigurationList = 8137479C1D64E44D0022CF92 /* Build configuration list for PBXProject "HopsterDemo" */;
			compatibilityVersion = "Xcode 3.2";
			developmentRegion = English;
			hasScannedForEncodings = 0;
			knownRegions = (
				en,
				Base,
			);
			mainGroup = 813747981D64E44D0022CF92;
			productRefGroup = 813747A21D64E44D0022CF92 /* Products */;
			projectDirPath = "";
			projectRoot = "";
			targets = (
				813747A01D64E44D0022CF92 /* HopsterDemo */,
				813747B41D64E44D0022CF92 /* HopsterDemoTests */,
				813747BF1D64E44D0022CF92 /* HopsterDemoUITests */,
			);
		};
/* End PBXProject section */

/* Begin PBXResourcesBuildPhase section */
		8137479F1D64E44D0022CF92 /* Resources */ = {
			isa = PBXResourcesBuildPhase;
			buildActionMask = 2147483647;
			files = (
				813747AF1D64E44D0022CF92 /* Assets.xcassets in Resources */,
				813747AD1D64E44D0022CF92 /* Main.storyboard in Resources */,
			);
			runOnlyForDeploymentPostprocessing = 0;
		};
		813747B31D64E44D0022CF92 /* Resources */ = {
			isa = PBXResourcesBuildPhase;
			buildActionMask = 2147483647;
			files = (
			);
			runOnlyForDeploymentPostprocessing = 0;
		};
		813747BE1D64E44D0022CF92 /* Resources */ = {
			isa = PBXResourcesBuildPhase;
			buildActionMask = 2147483647;
			files = (
			);
			runOnlyForDeploymentPostprocessing = 0;
		};
/* End PBXResourcesBuildPhase section */

/* Begin PBXSourcesBuildPhase section */
		8137479D1D64E44D0022CF92 /* Sources */ = {
			isa = PBXSourcesBuildPhase;
			buildActionMask = 2147483647;
			files = (
				813747A71D64E44D0022CF92 /* ViewController.swift in Sources */,
				813747A51D64E44D0022CF92 /* AppDelegate.swift in Sources */,
				813747AA1D64E44D0022CF92 /* HopsterDemo.xcdatamodeld in Sources */,
			);
			runOnlyForDeploymentPostprocessing = 0;
		};
		813747B11D64E44D0022CF92 /* Sources */ = {
			isa = PBXSourcesBuildPhase;
			buildActionMask = 2147483647;
			files = (
				813747BA1D64E44D0022CF92 /* HopsterDemoTests.swift in Sources */,
			);
			runOnlyForDeploymentPostprocessing = 0;
		};
		813747BC1D64E44D0022CF92 /* Sources */ = {
			isa = PBXSourcesBuildPhase;
			buildActionMask = 2147483647;
			files = (
				813747C51D64E44D0022CF92 /* HopsterDemoUITests.swift in Sources */,
			);
			runOnlyForDeploymentPostprocessing = 0;
		};
/* End PBXSourcesBuildPhase section */

/* Begin PBXTargetDependency section */
		813747B71D64E44D0022CF92 /* PBXTargetDependency */ = {
			isa = PBXTargetDependency;
			target = 813747A01D64E44D0022CF92 /* HopsterDemo */;
			targetProxy = 813747B61D64E44D0022CF92 /* PBXContainerItemProxy */;
		};
		813747C21D64E44D0022CF92 /* PBXTargetDependency */ = {
			isa = PBXTargetDependency;
			target = 813747A01D64E44D0022CF92 /* HopsterDemo */;
			targetProxy = 813747C11D64E44D0022CF92 /* PBXContainerItemProxy */;
		};
/* End PBXTargetDependency section */

/* Begin PBXVariantGroup section */
		813747AB1D64E44D0022CF92 /* Main.storyboard */ = {
			isa = PBXVariantGroup;
			children = (
				813747AC1D64E44D0022CF92 /* Base */,
			);
			name = Main.storyboard;
			sourceTree = "<group>";
		};
/* End PBXVariantGroup section */

/* Begin XCBuildConfiguration section */
		813747C71D64E44D0022CF92 /* Debug */ = {
			isa = XCBuildConfiguration;
			buildSettings = {
				ALWAYS_SEARCH_USER_PATHS = NO;
				CLANG_ANALYZER_NONNULL = YES;
				CLANG_CXX_LANGUAGE_STANDARD = "gnu++0x";
				CLANG_CXX_LIBRARY = "libc++";
				CLANG_ENABLE_MODULES = YES;
				CLANG_ENABLE_OBJC_ARC = YES;
				CLANG_WARN_BOOL_CONVERSION = YES;
				CLANG_WARN_CONSTANT_CONVERSION = YES;
				CLANG_WARN_DIRECT_OBJC_ISA_USAGE = YES_ERROR;
				CLANG_WARN_EMPTY_BODY = YES;
				CLANG_WARN_ENUM_CONVERSION = YES;
				CLANG_WARN_INT_CONVERSION = YES;
				CLANG_WARN_OBJC_ROOT_CLASS = YES_ERROR;
				CLANG_WARN_UNREACHABLE_CODE = YES;
				CLANG_WARN__DUPLICATE_METHOD_MATCH = YES;
				COPY_PHASE_STRIP = NO;
				DEBUG_INFORMATION_FORMAT = dwarf;
				ENABLE_STRICT_OBJC_MSGSEND = YES;
				ENABLE_TESTABILITY = YES;
				GCC_C_LANGUAGE_STANDARD = gnu99;
				GCC_DYNAMIC_NO_PIC = NO;
				GCC_NO_COMMON_BLOCKS = YES;
				GCC_OPTIMIZATION_LEVEL = 0;
				GCC_PREPROCESSOR_DEFINITIONS = (
					"DEBUG=1",
					"$(inherited)",
				);
				GCC_WARN_64_TO_32_BIT_CONVERSION = YES;
				GCC_WARN_ABOUT_RETURN_TYPE = YES_ERROR;
				GCC_WARN_UNDECLARED_SELECTOR = YES;
				GCC_WARN_UNINITIALIZED_AUTOS = YES_AGGRESSIVE;
				GCC_WARN_UNUSED_FUNCTION = YES;
				GCC_WARN_UNUSED_VARIABLE = YES;
				MTL_ENABLE_DEBUG_INFO = YES;
				ONLY_ACTIVE_ARCH = YES;
				SDKROOT = appletvos;
				SWIFT_OPTIMIZATION_LEVEL = "-Onone";
				TARGETED_DEVICE_FAMILY = 3;
				TVOS_DEPLOYMENT_TARGET = 9.2;
			};
			name = Debug;
		};
		813747C81D64E44D0022CF92 /* Release */ = {
			isa = XCBuildConfiguration;
			buildSettings = {
				ALWAYS_SEARCH_USER_PATHS = NO;
				CLANG_ANALYZER_NONNULL = YES;
				CLANG_CXX_LANGUAGE_STANDARD = "gnu++0x";
				CLANG_CXX_LIBRARY = "libc++";
				CLANG_ENABLE_MODULES = YES;
				CLANG_ENABLE_OBJC_ARC = YES;
				CLANG_WARN_BOOL_CONVERSION = YES;
				CLANG_WARN_CONSTANT_CONVERSION = YES;
				CLANG_WARN_DIRECT_OBJC_ISA_USAGE = YES_ERROR;
				CLANG_WARN_EMPTY_BODY = YES;
				CLANG_WARN_ENUM_CONVERSION = YES;
				CLANG_WARN_INT_CONVERSION = YES;
				CLANG_WARN_OBJC_ROOT_CLASS = YES_ERROR;
				CLANG_WARN_UNREACHABLE_CODE = YES;
				CLANG_WARN__DUPLICATE_METHOD_MATCH = YES;
				COPY_PHASE_STRIP = NO;
				DEBUG_INFORMATION_FORMAT = "dwarf-with-dsym";
				ENABLE_NS_ASSERTIONS = NO;
				ENABLE_STRICT_OBJC_MSGSEND = YES;
				GCC_C_LANGUAGE_STANDARD = gnu99;
				GCC_NO_COMMON_BLOCKS = YES;
				GCC_WARN_64_TO_32_BIT_CONVERSION = YES;
				GCC_WARN_ABOUT_RETURN_TYPE = YES_ERROR;
				GCC_WARN_UNDECLARED_SELECTOR = YES;
				GCC_WARN_UNINITIALIZED_AUTOS = YES_AGGRESSIVE;
				GCC_WARN_UNUSED_FUNCTION = YES;
				GCC_WARN_UNUSED_VARIABLE = YES;
				MTL_ENABLE_DEBUG_INFO = NO;
				SDKROOT = appletvos;
				TARGETED_DEVICE_FAMILY = 3;
				TVOS_DEPLOYMENT_TARGET = 9.2;
				VALIDATE_PRODUCT = YES;
			};
			name = Release;
		};
		813747CA1D64E44D0022CF92 /* Debug */ = {
			isa = XCBuildConfiguration;
			buildSettings = {
				ASSETCATALOG_COMPILER_APPICON_NAME = "App Icon & Top Shelf Image";
				ASSETCATALOG_COMPILER_LAUNCHIMAGE_NAME = LaunchImage;
				INFOPLIST_FILE = HopsterDemo/Info.plist;
				LD_RUNPATH_SEARCH_PATHS = "$(inherited) @executable_path/Frameworks";
				PRODUCT_BUNDLE_IDENTIFIER = HP.HopsterDemo;
				PRODUCT_NAME = "$(TARGET_NAME)";
			};
			name = Debug;
		};
		813747CB1D64E44D0022CF92 /* Release */ = {
			isa = XCBuildConfiguration;
			buildSettings = {
				ASSETCATALOG_COMPILER_APPICON_NAME = "App Icon & Top Shelf Image";
				ASSETCATALOG_COMPILER_LAUNCHIMAGE_NAME = LaunchImage;
				INFOPLIST_FILE = HopsterDemo/Info.plist;
				LD_RUNPATH_SEARCH_PATHS = "$(inherited) @executable_path/Frameworks";
				PRODUCT_BUNDLE_IDENTIFIER = HP.HopsterDemo;
				PRODUCT_NAME = "$(TARGET_NAME)";
			};
			name = Release;
		};
		813747CD1D64E44D0022CF92 /* Debug */ = {
			isa = XCBuildConfiguration;
			buildSettings = {
				BUNDLE_LOADER = "$(TEST_HOST)";
				INFOPLIST_FILE = HopsterDemoTests/Info.plist;
				LD_RUNPATH_SEARCH_PATHS = "$(inherited) @executable_path/Frameworks @loader_path/Frameworks";
				PRODUCT_BUNDLE_IDENTIFIER = HP.HopsterDemoTests;
				PRODUCT_NAME = "$(TARGET_NAME)";
				TEST_HOST = "$(BUILT_PRODUCTS_DIR)/HopsterDemo.app/HopsterDemo";
			};
			name = Debug;
		};
		813747CE1D64E44D0022CF92 /* Release */ = {
			isa = XCBuildConfiguration;
			buildSettings = {
				BUNDLE_LOADER = "$(TEST_HOST)";
				INFOPLIST_FILE = HopsterDemoTests/Info.plist;
				LD_RUNPATH_SEARCH_PATHS = "$(inherited) @executable_path/Frameworks @loader_path/Frameworks";
				PRODUCT_BUNDLE_IDENTIFIER = HP.HopsterDemoTests;
				PRODUCT_NAME = "$(TARGET_NAME)";
				TEST_HOST = "$(BUILT_PRODUCTS_DIR)/HopsterDemo.app/HopsterDemo";
			};
			name = Release;
		};
		813747D01D64E44D0022CF92 /* Debug */ = {
			isa = XCBuildConfiguration;
			buildSettings = {
				INFOPLIST_FILE = HopsterDemoUITests/Info.plist;
				LD_RUNPATH_SEARCH_PATHS = "$(inherited) @executable_path/Frameworks @loader_path/Frameworks";
				PRODUCT_BUNDLE_IDENTIFIER = HP.HopsterDemoUITests;
				PRODUCT_NAME = "$(TARGET_NAME)";
				TEST_TARGET_NAME = HopsterDemo;
			};
			name = Debug;
		};
		813747D11D64E44D0022CF92 /* Release */ = {
			isa = XCBuildConfiguration;
			buildSettings = {
				INFOPLIST_FILE = HopsterDemoUITests/Info.plist;
				LD_RUNPATH_SEARCH_PATHS = "$(inherited) @executable_path/Frameworks @loader_path/Frameworks";
				PRODUCT_BUNDLE_IDENTIFIER = HP.HopsterDemoUITests;
				PRODUCT_NAME = "$(TARGET_NAME)";
				TEST_TARGET_NAME = HopsterDemo;
			};
			name = Release;
		};
/* End XCBuildConfiguration section */

/* Begin XCConfigurationList section */
		8137479C1D64E44D0022CF92 /* Build configuration list for PBXProject "HopsterDemo" */ = {
			isa = XCConfigurationList;
			buildConfigurations = (
				813747C71D64E44D0022CF92 /* Debug */,
				813747C81D64E44D0022CF92 /* Release */,
			);
			defaultConfigurationIsVisible = 0;
			defaultConfigurationName = Release;
		};
		813747C91D64E44D0022CF92 /* Build configuration list for PBXNativeTarget "HopsterDemo" */ = {
			isa = XCConfigurationList;
			buildConfigurations = (
				813747CA1D64E44D0022CF92 /* Debug */,
				813747CB1D64E44D0022CF92 /* Release */,
			);
			defaultConfigurationIsVisible = 0;
		};
		813747CC1D64E44D0022CF92 /* Build configuration list for PBXNativeTarget "HopsterDemoTests" */ = {
			isa = XCConfigurationList;
			buildConfigurations = (
				813747CD1D64E44D0022CF92 /* Debug */,
				813747CE1D64E44D0022CF92 /* Release */,
			);
			defaultConfigurationIsVisible = 0;
		};
		813747CF1D64E44D0022CF92 /* Build configuration list for PBXNativeTarget "HopsterDemoUITests" */ = {
			isa = XCConfigurationList;
			buildConfigurations = (
				813747D01D64E44D0022CF92 /* Debug */,
				813747D11D64E44D0022CF92 /* Release */,
			);
			defaultConfigurationIsVisible = 0;
		};
/* End XCConfigurationList section */

/* Begin XCVersionGroup section */
		813747A81D64E44D0022CF92 /* HopsterDemo.xcdatamodeld */ = {
			isa = XCVersionGroup;
			children = (
				813747A91D64E44D0022CF92 /* HopsterDemo.xcdatamodel */,
			);
			currentVersion = 813747A91D64E44D0022CF92 /* HopsterDemo.xcdatamodel */;
			path = HopsterDemo.xcdatamodeld;
			sourceTree = "<group>";
			versionGroupType = wrapper.xcdatamodel;
		};
/* End XCVersionGroup section */
	};
	rootObject = 813747991D64E44D0022CF92 /* Project object */;
}
